{
  "version": 4,
  "terraform_version": "0.14.7",
  "serial": 93,
  "lineage": "8db5b2d2-18b7-960e-55e1-ea390b42b664",
  "outputs": {},
  "resources": [
    {
      "mode": "managed",
      "type": "azurerm_network_interface",
      "name": "main",
      "provider": "provider[\"registry.terraform.io/hashicorp/azurerm\"]",
      "instances": [
        {
          "index_key": 0,
          "schema_version": 0,
          "attributes": {
            "applied_dns_servers": [],
            "dns_servers": [],
            "enable_accelerated_networking": false,
            "enable_ip_forwarding": false,
            "id": "/subscriptions/a3c041da-fe8c-4192-a4c8-182eb826911b/resourceGroups/az-terraform-vms/providers/Microsoft.Network/networkInterfaces/tfvm-nic-0",
            "internal_dns_name_label": "",
            "internal_domain_name_suffix": "kdxbqfvoszyupkfwn3yoae2naf.bx.internal.cloudapp.net",
            "ip_configuration": [
              {
                "name": "testconfiguration0",
                "primary": true,
                "private_ip_address": "10.0.0.11",
                "private_ip_address_allocation": "Dynamic",
                "private_ip_address_version": "IPv4",
                "public_ip_address_id": "",
                "subnet_id": "/subscriptions/a3c041da-fe8c-4192-a4c8-182eb826911b/resourceGroups/az-terraform-vms/providers/Microsoft.Network/virtualNetworks/tfvnet/subnets/subnet1"
              }
            ],
            "location": "eastus",
            "mac_address": "",
            "name": "tfvm-nic-0",
            "private_ip_address": "10.0.0.11",
            "private_ip_addresses": [
              "10.0.0.11"
            ],
            "resource_group_name": "az-terraform-vms",
            "tags": null,
            "timeouts": null,
            "virtual_machine_id": ""
          },
          "sensitive_attributes": [],
          "private": "eyJlMmJmYjczMC1lY2FhLTExZTYtOGY4OC0zNDM2M2JjN2M0YzAiOnsiY3JlYXRlIjoxODAwMDAwMDAwMDAwLCJkZWxldGUiOjE4MDAwMDAwMDAwMDAsInJlYWQiOjMwMDAwMDAwMDAwMCwidXBkYXRlIjoxODAwMDAwMDAwMDAwfX0=",
          "dependencies": [
            "azurerm_resource_group.rg",
            "azurerm_subnet.subnet1",
            "azurerm_virtual_network.vnet"
          ]
        },
        {
          "index_key": 1,
          "schema_version": 0,
          "attributes": {
            "applied_dns_servers": [],
            "dns_servers": [],
            "enable_accelerated_networking": false,
            "enable_ip_forwarding": false,
            "id": "/subscriptions/a3c041da-fe8c-4192-a4c8-182eb826911b/resourceGroups/az-terraform-vms/providers/Microsoft.Network/networkInterfaces/tfvm-nic-1",
            "internal_dns_name_label": "",
            "internal_domain_name_suffix": "kdxbqfvoszyupkfwn3yoae2naf.bx.internal.cloudapp.net",
            "ip_configuration": [
              {
                "name": "testconfiguration1",
                "primary": true,
                "private_ip_address": "10.0.0.6",
                "private_ip_address_allocation": "Dynamic",
                "private_ip_address_version": "IPv4",
                "public_ip_address_id": "",
                "subnet_id": "/subscriptions/a3c041da-fe8c-4192-a4c8-182eb826911b/resourceGroups/az-terraform-vms/providers/Microsoft.Network/virtualNetworks/tfvnet/subnets/subnet1"
              }
            ],
            "location": "eastus",
            "mac_address": "",
            "name": "tfvm-nic-1",
            "private_ip_address": "10.0.0.6",
            "private_ip_addresses": [
              "10.0.0.6"
            ],
            "resource_group_name": "az-terraform-vms",
            "tags": null,
            "timeouts": null,
            "virtual_machine_id": ""
          },
          "sensitive_attributes": [],
          "private": "eyJlMmJmYjczMC1lY2FhLTExZTYtOGY4OC0zNDM2M2JjN2M0YzAiOnsiY3JlYXRlIjoxODAwMDAwMDAwMDAwLCJkZWxldGUiOjE4MDAwMDAwMDAwMDAsInJlYWQiOjMwMDAwMDAwMDAwMCwidXBkYXRlIjoxODAwMDAwMDAwMDAwfX0=",
          "dependencies": [
            "azurerm_resource_group.rg",
            "azurerm_subnet.subnet1",
            "azurerm_virtual_network.vnet"
          ]
        },
        {
          "index_key": 2,
          "schema_version": 0,
          "attributes": {
            "applied_dns_servers": [],
            "dns_servers": [],
            "enable_accelerated_networking": false,
            "enable_ip_forwarding": false,
            "id": "/subscriptions/a3c041da-fe8c-4192-a4c8-182eb826911b/resourceGroups/az-terraform-vms/providers/Microsoft.Network/networkInterfaces/tfvm-nic-2",
            "internal_dns_name_label": "",
            "internal_domain_name_suffix": "kdxbqfvoszyupkfwn3yoae2naf.bx.internal.cloudapp.net",
            "ip_configuration": [
              {
                "name": "testconfiguration2",
                "primary": true,
                "private_ip_address": "10.0.0.10",
                "private_ip_address_allocation": "Dynamic",
                "private_ip_address_version": "IPv4",
                "public_ip_address_id": "",
                "subnet_id": "/subscriptions/a3c041da-fe8c-4192-a4c8-182eb826911b/resourceGroups/az-terraform-vms/providers/Microsoft.Network/virtualNetworks/tfvnet/subnets/subnet1"
              }
            ],
            "location": "eastus",
            "mac_address": "",
            "name": "tfvm-nic-2",
            "private_ip_address": "10.0.0.10",
            "private_ip_addresses": [
              "10.0.0.10"
            ],
            "resource_group_name": "az-terraform-vms",
            "tags": null,
            "timeouts": null,
            "virtual_machine_id": ""
          },
          "sensitive_attributes": [],
          "private": "eyJlMmJmYjczMC1lY2FhLTExZTYtOGY4OC0zNDM2M2JjN2M0YzAiOnsiY3JlYXRlIjoxODAwMDAwMDAwMDAwLCJkZWxldGUiOjE4MDAwMDAwMDAwMDAsInJlYWQiOjMwMDAwMDAwMDAwMCwidXBkYXRlIjoxODAwMDAwMDAwMDAwfX0=",
          "dependencies": [
            "azurerm_resource_group.rg",
            "azurerm_subnet.subnet1",
            "azurerm_virtual_network.vnet"
          ]
        },
        {
          "index_key": 3,
          "schema_version": 0,
          "attributes": {
            "applied_dns_servers": [],
            "dns_servers": [],
            "enable_accelerated_networking": false,
            "enable_ip_forwarding": false,
            "id": "/subscriptions/a3c041da-fe8c-4192-a4c8-182eb826911b/resourceGroups/az-terraform-vms/providers/Microsoft.Network/networkInterfaces/tfvm-nic-3",
            "internal_dns_name_label": "",
            "internal_domain_name_suffix": "kdxbqfvoszyupkfwn3yoae2naf.bx.internal.cloudapp.net",
            "ip_configuration": [
              {
                "name": "testconfiguration3",
                "primary": true,
                "private_ip_address": "10.0.0.12",
                "private_ip_address_allocation": "Dynamic",
                "private_ip_address_version": "IPv4",
                "public_ip_address_id": "",
                "subnet_id": "/subscriptions/a3c041da-fe8c-4192-a4c8-182eb826911b/resourceGroups/az-terraform-vms/providers/Microsoft.Network/virtualNetworks/tfvnet/subnets/subnet1"
              }
            ],
            "location": "eastus",
            "mac_address": "",
            "name": "tfvm-nic-3",
            "private_ip_address": "10.0.0.12",
            "private_ip_addresses": [
              "10.0.0.12"
            ],
            "resource_group_name": "az-terraform-vms",
            "tags": null,
            "timeouts": null,
            "virtual_machine_id": ""
          },
          "sensitive_attributes": [],
          "private": "eyJlMmJmYjczMC1lY2FhLTExZTYtOGY4OC0zNDM2M2JjN2M0YzAiOnsiY3JlYXRlIjoxODAwMDAwMDAwMDAwLCJkZWxldGUiOjE4MDAwMDAwMDAwMDAsInJlYWQiOjMwMDAwMDAwMDAwMCwidXBkYXRlIjoxODAwMDAwMDAwMDAwfX0=",
          "dependencies": [
            "azurerm_resource_group.rg",
            "azurerm_subnet.subnet1",
            "azurerm_virtual_network.vnet"
          ]
        },
        {
          "index_key": 4,
          "schema_version": 0,
          "attributes": {
            "applied_dns_servers": [],
            "dns_servers": [],
            "enable_accelerated_networking": false,
            "enable_ip_forwarding": false,
            "id": "/subscriptions/a3c041da-fe8c-4192-a4c8-182eb826911b/resourceGroups/az-terraform-vms/providers/Microsoft.Network/networkInterfaces/tfvm-nic-4",
            "internal_dns_name_label": "",
            "internal_domain_name_suffix": "kdxbqfvoszyupkfwn3yoae2naf.bx.internal.cloudapp.net",
            "ip_configuration": [
              {
                "name": "testconfiguration4",
                "primary": true,
                "private_ip_address": "10.0.0.5",
                "private_ip_address_allocation": "Dynamic",
                "private_ip_address_version": "IPv4",
                "public_ip_address_id": "",
                "subnet_id": "/subscriptions/a3c041da-fe8c-4192-a4c8-182eb826911b/resourceGroups/az-terraform-vms/providers/Microsoft.Network/virtualNetworks/tfvnet/subnets/subnet1"
              }
            ],
            "location": "eastus",
            "mac_address": "",
            "name": "tfvm-nic-4",
            "private_ip_address": "10.0.0.5",
            "private_ip_addresses": [
              "10.0.0.5"
            ],
            "resource_group_name": "az-terraform-vms",
            "tags": null,
            "timeouts": null,
            "virtual_machine_id": ""
          },
          "sensitive_attributes": [],
          "private": "eyJlMmJmYjczMC1lY2FhLTExZTYtOGY4OC0zNDM2M2JjN2M0YzAiOnsiY3JlYXRlIjoxODAwMDAwMDAwMDAwLCJkZWxldGUiOjE4MDAwMDAwMDAwMDAsInJlYWQiOjMwMDAwMDAwMDAwMCwidXBkYXRlIjoxODAwMDAwMDAwMDAwfX0=",
          "dependencies": [
            "azurerm_resource_group.rg",
            "azurerm_subnet.subnet1",
            "azurerm_virtual_network.vnet"
          ]
        },
        {
          "index_key": 5,
          "schema_version": 0,
          "attributes": {
            "applied_dns_servers": [],
            "dns_servers": [],
            "enable_accelerated_networking": false,
            "enable_ip_forwarding": false,
            "id": "/subscriptions/a3c041da-fe8c-4192-a4c8-182eb826911b/resourceGroups/az-terraform-vms/providers/Microsoft.Network/networkInterfaces/tfvm-nic-5",
            "internal_dns_name_label": "",
            "internal_domain_name_suffix": "kdxbqfvoszyupkfwn3yoae2naf.bx.internal.cloudapp.net",
            "ip_configuration": [
              {
                "name": "testconfiguration5",
                "primary": true,
                "private_ip_address": "10.0.0.8",
                "private_ip_address_allocation": "Dynamic",
                "private_ip_address_version": "IPv4",
                "public_ip_address_id": "",
                "subnet_id": "/subscriptions/a3c041da-fe8c-4192-a4c8-182eb826911b/resourceGroups/az-terraform-vms/providers/Microsoft.Network/virtualNetworks/tfvnet/subnets/subnet1"
              }
            ],
            "location": "eastus",
            "mac_address": "",
            "name": "tfvm-nic-5",
            "private_ip_address": "10.0.0.8",
            "private_ip_addresses": [
              "10.0.0.8"
            ],
            "resource_group_name": "az-terraform-vms",
            "tags": null,
            "timeouts": null,
            "virtual_machine_id": ""
          },
          "sensitive_attributes": [],
          "private": "eyJlMmJmYjczMC1lY2FhLTExZTYtOGY4OC0zNDM2M2JjN2M0YzAiOnsiY3JlYXRlIjoxODAwMDAwMDAwMDAwLCJkZWxldGUiOjE4MDAwMDAwMDAwMDAsInJlYWQiOjMwMDAwMDAwMDAwMCwidXBkYXRlIjoxODAwMDAwMDAwMDAwfX0=",
          "dependencies": [
            "azurerm_resource_group.rg",
            "azurerm_subnet.subnet1",
            "azurerm_virtual_network.vnet"
          ]
        },
        {
          "index_key": 6,
          "schema_version": 0,
          "attributes": {
            "applied_dns_servers": [],
            "dns_servers": [],
            "enable_accelerated_networking": false,
            "enable_ip_forwarding": false,
            "id": "/subscriptions/a3c041da-fe8c-4192-a4c8-182eb826911b/resourceGroups/az-terraform-vms/providers/Microsoft.Network/networkInterfaces/tfvm-nic-6",
            "internal_dns_name_label": "",
            "internal_domain_name_suffix": "kdxbqfvoszyupkfwn3yoae2naf.bx.internal.cloudapp.net",
            "ip_configuration": [
              {
                "name": "testconfiguration6",
                "primary": true,
                "private_ip_address": "10.0.0.4",
                "private_ip_address_allocation": "Dynamic",
                "private_ip_address_version": "IPv4",
                "public_ip_address_id": "",
                "subnet_id": "/subscriptions/a3c041da-fe8c-4192-a4c8-182eb826911b/resourceGroups/az-terraform-vms/providers/Microsoft.Network/virtualNetworks/tfvnet/subnets/subnet1"
              }
            ],
            "location": "eastus",
            "mac_address": "",
            "name": "tfvm-nic-6",
            "private_ip_address": "10.0.0.4",
            "private_ip_addresses": [
              "10.0.0.4"
            ],
            "resource_group_name": "az-terraform-vms",
            "tags": null,
            "timeouts": null,
            "virtual_machine_id": ""
          },
          "sensitive_attributes": [],
          "private": "eyJlMmJmYjczMC1lY2FhLTExZTYtOGY4OC0zNDM2M2JjN2M0YzAiOnsiY3JlYXRlIjoxODAwMDAwMDAwMDAwLCJkZWxldGUiOjE4MDAwMDAwMDAwMDAsInJlYWQiOjMwMDAwMDAwMDAwMCwidXBkYXRlIjoxODAwMDAwMDAwMDAwfX0=",
          "dependencies": [
            "azurerm_resource_group.rg",
            "azurerm_subnet.subnet1",
            "azurerm_virtual_network.vnet"
          ]
        },
        {
          "index_key": 7,
          "schema_version": 0,
          "attributes": {
            "applied_dns_servers": [],
            "dns_servers": [],
            "enable_accelerated_networking": false,
            "enable_ip_forwarding": false,
            "id": "/subscriptions/a3c041da-fe8c-4192-a4c8-182eb826911b/resourceGroups/az-terraform-vms/providers/Microsoft.Network/networkInterfaces/tfvm-nic-7",
            "internal_dns_name_label": "",
            "internal_domain_name_suffix": "kdxbqfvoszyupkfwn3yoae2naf.bx.internal.cloudapp.net",
            "ip_configuration": [
              {
                "name": "testconfiguration7",
                "primary": true,
                "private_ip_address": "10.0.0.7",
                "private_ip_address_allocation": "Dynamic",
                "private_ip_address_version": "IPv4",
                "public_ip_address_id": "",
                "subnet_id": "/subscriptions/a3c041da-fe8c-4192-a4c8-182eb826911b/resourceGroups/az-terraform-vms/providers/Microsoft.Network/virtualNetworks/tfvnet/subnets/subnet1"
              }
            ],
            "location": "eastus",
            "mac_address": "",
            "name": "tfvm-nic-7",
            "private_ip_address": "10.0.0.7",
            "private_ip_addresses": [
              "10.0.0.7"
            ],
            "resource_group_name": "az-terraform-vms",
            "tags": null,
            "timeouts": null,
            "virtual_machine_id": ""
          },
          "sensitive_attributes": [],
          "private": "eyJlMmJmYjczMC1lY2FhLTExZTYtOGY4OC0zNDM2M2JjN2M0YzAiOnsiY3JlYXRlIjoxODAwMDAwMDAwMDAwLCJkZWxldGUiOjE4MDAwMDAwMDAwMDAsInJlYWQiOjMwMDAwMDAwMDAwMCwidXBkYXRlIjoxODAwMDAwMDAwMDAwfX0=",
          "dependencies": [
            "azurerm_resource_group.rg",
            "azurerm_subnet.subnet1",
            "azurerm_virtual_network.vnet"
          ]
        },
        {
          "index_key": 8,
          "schema_version": 0,
          "attributes": {
            "applied_dns_servers": [],
            "dns_servers": [],
            "enable_accelerated_networking": false,
            "enable_ip_forwarding": false,
            "id": "/subscriptions/a3c041da-fe8c-4192-a4c8-182eb826911b/resourceGroups/az-terraform-vms/providers/Microsoft.Network/networkInterfaces/tfvm-nic-8",
            "internal_dns_name_label": "",
            "internal_domain_name_suffix": "kdxbqfvoszyupkfwn3yoae2naf.bx.internal.cloudapp.net",
            "ip_configuration": [
              {
                "name": "testconfiguration8",
                "primary": true,
                "private_ip_address": "10.0.0.13",
                "private_ip_address_allocation": "Dynamic",
                "private_ip_address_version": "IPv4",
                "public_ip_address_id": "",
                "subnet_id": "/subscriptions/a3c041da-fe8c-4192-a4c8-182eb826911b/resourceGroups/az-terraform-vms/providers/Microsoft.Network/virtualNetworks/tfvnet/subnets/subnet1"
              }
            ],
            "location": "eastus",
            "mac_address": "",
            "name": "tfvm-nic-8",
            "private_ip_address": "10.0.0.13",
            "private_ip_addresses": [
              "10.0.0.13"
            ],
            "resource_group_name": "az-terraform-vms",
            "tags": null,
            "timeouts": null,
            "virtual_machine_id": ""
          },
          "sensitive_attributes": [],
          "private": "eyJlMmJmYjczMC1lY2FhLTExZTYtOGY4OC0zNDM2M2JjN2M0YzAiOnsiY3JlYXRlIjoxODAwMDAwMDAwMDAwLCJkZWxldGUiOjE4MDAwMDAwMDAwMDAsInJlYWQiOjMwMDAwMDAwMDAwMCwidXBkYXRlIjoxODAwMDAwMDAwMDAwfX0=",
          "dependencies": [
            "azurerm_resource_group.rg",
            "azurerm_subnet.subnet1",
            "azurerm_virtual_network.vnet"
          ]
        },
        {
          "index_key": 9,
          "schema_version": 0,
          "attributes": {
            "applied_dns_servers": [],
            "dns_servers": [],
            "enable_accelerated_networking": false,
            "enable_ip_forwarding": false,
            "id": "/subscriptions/a3c041da-fe8c-4192-a4c8-182eb826911b/resourceGroups/az-terraform-vms/providers/Microsoft.Network/networkInterfaces/tfvm-nic-9",
            "internal_dns_name_label": "",
            "internal_domain_name_suffix": "kdxbqfvoszyupkfwn3yoae2naf.bx.internal.cloudapp.net",
            "ip_configuration": [
              {
                "name": "testconfiguration9",
                "primary": true,
                "private_ip_address": "10.0.0.9",
                "private_ip_address_allocation": "Dynamic",
                "private_ip_address_version": "IPv4",
                "public_ip_address_id": "",
                "subnet_id": "/subscriptions/a3c041da-fe8c-4192-a4c8-182eb826911b/resourceGroups/az-terraform-vms/providers/Microsoft.Network/virtualNetworks/tfvnet/subnets/subnet1"
              }
            ],
            "location": "eastus",
            "mac_address": "",
            "name": "tfvm-nic-9",
            "private_ip_address": "10.0.0.9",
            "private_ip_addresses": [
              "10.0.0.9"
            ],
            "resource_group_name": "az-terraform-vms",
            "tags": null,
            "timeouts": null,
            "virtual_machine_id": ""
          },
          "sensitive_attributes": [],
          "private": "eyJlMmJmYjczMC1lY2FhLTExZTYtOGY4OC0zNDM2M2JjN2M0YzAiOnsiY3JlYXRlIjoxODAwMDAwMDAwMDAwLCJkZWxldGUiOjE4MDAwMDAwMDAwMDAsInJlYWQiOjMwMDAwMDAwMDAwMCwidXBkYXRlIjoxODAwMDAwMDAwMDAwfX0=",
          "dependencies": [
            "azurerm_resource_group.rg",
            "azurerm_subnet.subnet1",
            "azurerm_virtual_network.vnet"
          ]
        }
      ]
    },
    {
      "mode": "managed",
      "type": "azurerm_resource_group",
      "name": "rg",
      "provider": "provider[\"registry.terraform.io/hashicorp/azurerm\"]",
      "instances": [
        {
          "schema_version": 0,
          "attributes": {
            "id": "/subscriptions/a3c041da-fe8c-4192-a4c8-182eb826911b/resourceGroups/az-terraform-vms",
            "location": "eastus",
            "name": "az-terraform-vms",
            "tags": null,
            "timeouts": null
          },
          "sensitive_attributes": [],
          "private": "eyJlMmJmYjczMC1lY2FhLTExZTYtOGY4OC0zNDM2M2JjN2M0YzAiOnsiY3JlYXRlIjo1NDAwMDAwMDAwMDAwLCJkZWxldGUiOjU0MDAwMDAwMDAwMDAsInJlYWQiOjMwMDAwMDAwMDAwMCwidXBkYXRlIjo1NDAwMDAwMDAwMDAwfX0="
        }
      ]
    },
    {
      "mode": "managed",
      "type": "azurerm_subnet",
      "name": "subnet1",
      "provider": "provider[\"registry.terraform.io/hashicorp/azurerm\"]",
      "instances": [
        {
          "schema_version": 0,
          "attributes": {
            "address_prefix": "10.0.0.0/24",
            "address_prefixes": [
              "10.0.0.0/24"
            ],
            "delegation": [],
            "enforce_private_link_endpoint_network_policies": false,
            "enforce_private_link_service_network_policies": false,
            "id": "/subscriptions/a3c041da-fe8c-4192-a4c8-182eb826911b/resourceGroups/az-terraform-vms/providers/Microsoft.Network/virtualNetworks/tfvnet/subnets/subnet1",
            "name": "subnet1",
            "resource_group_name": "az-terraform-vms",
            "service_endpoint_policy_ids": null,
            "service_endpoints": null,
            "timeouts": null,
            "virtual_network_name": "tfvnet"
          },
          "sensitive_attributes": [],
          "private": "eyJlMmJmYjczMC1lY2FhLTExZTYtOGY4OC0zNDM2M2JjN2M0YzAiOnsiY3JlYXRlIjoxODAwMDAwMDAwMDAwLCJkZWxldGUiOjE4MDAwMDAwMDAwMDAsInJlYWQiOjMwMDAwMDAwMDAwMCwidXBkYXRlIjoxODAwMDAwMDAwMDAwfX0=",
          "dependencies": [
            "azurerm_resource_group.rg",
            "azurerm_virtual_network.vnet"
          ]
        }
      ]
    },
    {
      "mode": "managed",
      "type": "azurerm_subnet",
      "name": "subnet2",
      "provider": "provider[\"registry.terraform.io/hashicorp/azurerm\"]",
      "instances": [
        {
          "schema_version": 0,
          "attributes": {
            "address_prefix": "10.0.1.0/24",
            "address_prefixes": [
              "10.0.1.0/24"
            ],
            "delegation": [],
            "enforce_private_link_endpoint_network_policies": false,
            "enforce_private_link_service_network_policies": false,
            "id": "/subscriptions/a3c041da-fe8c-4192-a4c8-182eb826911b/resourceGroups/az-terraform-vms/providers/Microsoft.Network/virtualNetworks/tfvnet/subnets/subnet2",
            "name": "subnet2",
            "resource_group_name": "az-terraform-vms",
            "service_endpoint_policy_ids": null,
            "service_endpoints": null,
            "timeouts": null,
            "virtual_network_name": "tfvnet"
          },
          "sensitive_attributes": [],
          "private": "eyJlMmJmYjczMC1lY2FhLTExZTYtOGY4OC0zNDM2M2JjN2M0YzAiOnsiY3JlYXRlIjoxODAwMDAwMDAwMDAwLCJkZWxldGUiOjE4MDAwMDAwMDAwMDAsInJlYWQiOjMwMDAwMDAwMDAwMCwidXBkYXRlIjoxODAwMDAwMDAwMDAwfX0=",
          "dependencies": [
            "azurerm_resource_group.rg",
            "azurerm_virtual_network.vnet"
          ]
        }
      ]
    },
    {
      "mode": "managed",
      "type": "azurerm_virtual_machine",
      "name": "test",
      "provider": "provider[\"registry.terraform.io/hashicorp/azurerm\"]",
      "instances": [
        {
          "index_key": 0,
          "schema_version": 0,
          "attributes": {
            "additional_capabilities": [],
            "availability_set_id": null,
            "boot_diagnostics": [],
            "delete_data_disks_on_termination": true,
            "delete_os_disk_on_termination": true,
            "id": "/subscriptions/a3c041da-fe8c-4192-a4c8-182eb826911b/resourceGroups/az-terraform-vms/providers/Microsoft.Compute/virtualMachines/tfvm-vm-0",
            "identity": [],
            "license_type": null,
            "location": "eastus",
            "name": "tfvm-vm-0",
            "network_interface_ids": [
              "/subscriptions/a3c041da-fe8c-4192-a4c8-182eb826911b/resourceGroups/az-terraform-vms/providers/Microsoft.Network/networkInterfaces/tfvm-nic-0"
            ],
            "os_profile": [
              {
                "admin_password": "",
                "admin_username": "testadmin",
                "computer_name": "hostname",
                "custom_data": ""
              }
            ],
            "os_profile_linux_config": [],
            "os_profile_secrets": [],
            "os_profile_windows_config": [
              {
                "additional_unattend_config": [],
                "enable_automatic_upgrades": false,
                "provision_vm_agent": true,
                "timezone": "",
                "winrm": []
              }
            ],
            "plan": [],
            "primary_network_interface_id": null,
            "proximity_placement_group_id": null,
            "resource_group_name": "az-terraform-vms",
            "storage_data_disk": [],
            "storage_image_reference": [
              {
                "id": "",
                "offer": "WindowsServer",
                "publisher": "MicrosoftWindowsServer",
                "sku": "2016-Datacenter",
                "version": "latest"
              }
            ],
            "storage_os_disk": [
              {
                "caching": "ReadWrite",
                "create_option": "FromImage",
                "disk_size_gb": 127,
                "image_uri": "",
                "managed_disk_id": "/subscriptions/a3c041da-fe8c-4192-a4c8-182eb826911b/resourceGroups/az-terraform-vms/providers/Microsoft.Compute/disks/myosdisk-0",
                "managed_disk_type": "Standard_LRS",
                "name": "myosdisk-0",
                "os_type": "Windows",
                "vhd_uri": "",
                "write_accelerator_enabled": false
              }
            ],
            "tags": null,
            "timeouts": null,
            "vm_size": "Standard_F2",
            "zones": null
          },
          "sensitive_attributes": [],
          "private": "eyJlMmJmYjczMC1lY2FhLTExZTYtOGY4OC0zNDM2M2JjN2M0YzAiOnsiY3JlYXRlIjozNjAwMDAwMDAwMDAwLCJkZWxldGUiOjM2MDAwMDAwMDAwMDAsInJlYWQiOjMwMDAwMDAwMDAwMCwidXBkYXRlIjozNjAwMDAwMDAwMDAwfX0=",
          "dependencies": [
            "azurerm_network_interface.main",
            "azurerm_resource_group.rg",
            "azurerm_subnet.subnet1",
            "azurerm_virtual_network.vnet"
          ]
        },
        {
          "index_key": 1,
          "schema_version": 0,
          "attributes": {
            "additional_capabilities": [],
            "availability_set_id": null,
            "boot_diagnostics": [],
            "delete_data_disks_on_termination": true,
            "delete_os_disk_on_termination": true,
            "id": "/subscriptions/a3c041da-fe8c-4192-a4c8-182eb826911b/resourceGroups/az-terraform-vms/providers/Microsoft.Compute/virtualMachines/tfvm-vm-1",
            "identity": [],
            "license_type": null,
            "location": "eastus",
            "name": "tfvm-vm-1",
            "network_interface_ids": [
              "/subscriptions/a3c041da-fe8c-4192-a4c8-182eb826911b/resourceGroups/az-terraform-vms/providers/Microsoft.Network/networkInterfaces/tfvm-nic-1"
            ],
            "os_profile": [
              {
                "admin_password": "",
                "admin_username": "testadmin",
                "computer_name": "hostname",
                "custom_data": ""
              }
            ],
            "os_profile_linux_config": [],
            "os_profile_secrets": [],
            "os_profile_windows_config": [
              {
                "additional_unattend_config": [],
                "enable_automatic_upgrades": false,
                "provision_vm_agent": true,
                "timezone": "",
                "winrm": []
              }
            ],
            "plan": [],
            "primary_network_interface_id": null,
            "proximity_placement_group_id": null,
            "resource_group_name": "az-terraform-vms",
            "storage_data_disk": [],
            "storage_image_reference": [
              {
                "id": "",
                "offer": "WindowsServer",
                "publisher": "MicrosoftWindowsServer",
                "sku": "2016-Datacenter",
                "version": "latest"
              }
            ],
            "storage_os_disk": [
              {
                "caching": "ReadWrite",
                "create_option": "FromImage",
                "disk_size_gb": 127,
                "image_uri": "",
                "managed_disk_id": "/subscriptions/a3c041da-fe8c-4192-a4c8-182eb826911b/resourceGroups/az-terraform-vms/providers/Microsoft.Compute/disks/myosdisk-1",
                "managed_disk_type": "Standard_LRS",
                "name": "myosdisk-1",
                "os_type": "Windows",
                "vhd_uri": "",
                "write_accelerator_enabled": false
              }
            ],
            "tags": null,
            "timeouts": null,
            "vm_size": "Standard_F2",
            "zones": null
          },
          "sensitive_attributes": [],
          "private": "eyJlMmJmYjczMC1lY2FhLTExZTYtOGY4OC0zNDM2M2JjN2M0YzAiOnsiY3JlYXRlIjozNjAwMDAwMDAwMDAwLCJkZWxldGUiOjM2MDAwMDAwMDAwMDAsInJlYWQiOjMwMDAwMDAwMDAwMCwidXBkYXRlIjozNjAwMDAwMDAwMDAwfX0=",
          "dependencies": [
            "azurerm_network_interface.main",
            "azurerm_resource_group.rg",
            "azurerm_subnet.subnet1",
            "azurerm_virtual_network.vnet"
          ]
        },
        {
          "index_key": 2,
          "schema_version": 0,
          "attributes": {
            "additional_capabilities": [],
            "availability_set_id": null,
            "boot_diagnostics": [],
            "delete_data_disks_on_termination": true,
            "delete_os_disk_on_termination": true,
            "id": "/subscriptions/a3c041da-fe8c-4192-a4c8-182eb826911b/resourceGroups/az-terraform-vms/providers/Microsoft.Compute/virtualMachines/tfvm-vm-2",
            "identity": [],
            "license_type": null,
            "location": "eastus",
            "name": "tfvm-vm-2",
            "network_interface_ids": [
              "/subscriptions/a3c041da-fe8c-4192-a4c8-182eb826911b/resourceGroups/az-terraform-vms/providers/Microsoft.Network/networkInterfaces/tfvm-nic-2"
            ],
            "os_profile": [
              {
                "admin_password": "",
                "admin_username": "testadmin",
                "computer_name": "hostname",
                "custom_data": ""
              }
            ],
            "os_profile_linux_config": [],
            "os_profile_secrets": [],
            "os_profile_windows_config": [
              {
                "additional_unattend_config": [],
                "enable_automatic_upgrades": false,
                "provision_vm_agent": true,
                "timezone": "",
                "winrm": []
              }
            ],
            "plan": [],
            "primary_network_interface_id": null,
            "proximity_placement_group_id": null,
            "resource_group_name": "az-terraform-vms",
            "storage_data_disk": [],
            "storage_image_reference": [
              {
                "id": "",
                "offer": "WindowsServer",
                "publisher": "MicrosoftWindowsServer",
                "sku": "2016-Datacenter",
                "version": "latest"
              }
            ],
            "storage_os_disk": [
              {
                "caching": "ReadWrite",
                "create_option": "FromImage",
                "disk_size_gb": 127,
                "image_uri": "",
                "managed_disk_id": "/subscriptions/a3c041da-fe8c-4192-a4c8-182eb826911b/resourceGroups/az-terraform-vms/providers/Microsoft.Compute/disks/myosdisk-2",
                "managed_disk_type": "Standard_LRS",
                "name": "myosdisk-2",
                "os_type": "Windows",
                "vhd_uri": "",
                "write_accelerator_enabled": false
              }
            ],
            "tags": null,
            "timeouts": null,
            "vm_size": "Standard_F2",
            "zones": null
          },
          "sensitive_attributes": [],
          "private": "eyJlMmJmYjczMC1lY2FhLTExZTYtOGY4OC0zNDM2M2JjN2M0YzAiOnsiY3JlYXRlIjozNjAwMDAwMDAwMDAwLCJkZWxldGUiOjM2MDAwMDAwMDAwMDAsInJlYWQiOjMwMDAwMDAwMDAwMCwidXBkYXRlIjozNjAwMDAwMDAwMDAwfX0=",
          "dependencies": [
            "azurerm_network_interface.main",
            "azurerm_resource_group.rg",
            "azurerm_subnet.subnet1",
            "azurerm_virtual_network.vnet"
          ]
        },
        {
          "index_key": 4,
          "schema_version": 0,
          "attributes": {
            "additional_capabilities": [],
            "availability_set_id": null,
            "boot_diagnostics": [],
            "delete_data_disks_on_termination": true,
            "delete_os_disk_on_termination": true,
            "id": "/subscriptions/a3c041da-fe8c-4192-a4c8-182eb826911b/resourceGroups/az-terraform-vms/providers/Microsoft.Compute/virtualMachines/tfvm-vm-4",
            "identity": [],
            "license_type": null,
            "location": "eastus",
            "name": "tfvm-vm-4",
            "network_interface_ids": [
              "/subscriptions/a3c041da-fe8c-4192-a4c8-182eb826911b/resourceGroups/az-terraform-vms/providers/Microsoft.Network/networkInterfaces/tfvm-nic-4"
            ],
            "os_profile": [
              {
                "admin_password": "",
                "admin_username": "testadmin",
                "computer_name": "hostname",
                "custom_data": ""
              }
            ],
            "os_profile_linux_config": [],
            "os_profile_secrets": [],
            "os_profile_windows_config": [
              {
                "additional_unattend_config": [],
                "enable_automatic_upgrades": false,
                "provision_vm_agent": true,
                "timezone": "",
                "winrm": []
              }
            ],
            "plan": [],
            "primary_network_interface_id": null,
            "proximity_placement_group_id": null,
            "resource_group_name": "az-terraform-vms",
            "storage_data_disk": [],
            "storage_image_reference": [
              {
                "id": "",
                "offer": "WindowsServer",
                "publisher": "MicrosoftWindowsServer",
                "sku": "2016-Datacenter",
                "version": "latest"
              }
            ],
            "storage_os_disk": [
              {
                "caching": "ReadWrite",
                "create_option": "FromImage",
                "disk_size_gb": 127,
                "image_uri": "",
                "managed_disk_id": "/subscriptions/a3c041da-fe8c-4192-a4c8-182eb826911b/resourceGroups/az-terraform-vms/providers/Microsoft.Compute/disks/myosdisk-4",
                "managed_disk_type": "Standard_LRS",
                "name": "myosdisk-4",
                "os_type": "Windows",
                "vhd_uri": "",
                "write_accelerator_enabled": false
              }
            ],
            "tags": null,
            "timeouts": null,
            "vm_size": "Standard_F2",
            "zones": null
          },
          "sensitive_attributes": [],
          "private": "eyJlMmJmYjczMC1lY2FhLTExZTYtOGY4OC0zNDM2M2JjN2M0YzAiOnsiY3JlYXRlIjozNjAwMDAwMDAwMDAwLCJkZWxldGUiOjM2MDAwMDAwMDAwMDAsInJlYWQiOjMwMDAwMDAwMDAwMCwidXBkYXRlIjozNjAwMDAwMDAwMDAwfX0=",
          "dependencies": [
            "azurerm_network_interface.main",
            "azurerm_resource_group.rg",
            "azurerm_subnet.subnet1",
            "azurerm_virtual_network.vnet"
          ]
        },
        {
          "index_key": 5,
          "schema_version": 0,
          "attributes": {
            "additional_capabilities": [],
            "availability_set_id": null,
            "boot_diagnostics": [],
            "delete_data_disks_on_termination": true,
            "delete_os_disk_on_termination": true,
            "id": "/subscriptions/a3c041da-fe8c-4192-a4c8-182eb826911b/resourceGroups/az-terraform-vms/providers/Microsoft.Compute/virtualMachines/tfvm-vm-5",
            "identity": [],
            "license_type": null,
            "location": "eastus",
            "name": "tfvm-vm-5",
            "network_interface_ids": [
              "/subscriptions/a3c041da-fe8c-4192-a4c8-182eb826911b/resourceGroups/az-terraform-vms/providers/Microsoft.Network/networkInterfaces/tfvm-nic-5"
            ],
            "os_profile": [
              {
                "admin_password": "",
                "admin_username": "testadmin",
                "computer_name": "hostname",
                "custom_data": ""
              }
            ],
            "os_profile_linux_config": [],
            "os_profile_secrets": [],
            "os_profile_windows_config": [
              {
                "additional_unattend_config": [],
                "enable_automatic_upgrades": false,
                "provision_vm_agent": true,
                "timezone": "",
                "winrm": []
              }
            ],
            "plan": [],
            "primary_network_interface_id": null,
            "proximity_placement_group_id": null,
            "resource_group_name": "az-terraform-vms",
            "storage_data_disk": [],
            "storage_image_reference": [
              {
                "id": "",
                "offer": "WindowsServer",
                "publisher": "MicrosoftWindowsServer",
                "sku": "2016-Datacenter",
                "version": "latest"
              }
            ],
            "storage_os_disk": [
              {
                "caching": "ReadWrite",
                "create_option": "FromImage",
                "disk_size_gb": 127,
                "image_uri": "",
                "managed_disk_id": "/subscriptions/a3c041da-fe8c-4192-a4c8-182eb826911b/resourceGroups/az-terraform-vms/providers/Microsoft.Compute/disks/myosdisk-5",
                "managed_disk_type": "Standard_LRS",
                "name": "myosdisk-5",
                "os_type": "Windows",
                "vhd_uri": "",
                "write_accelerator_enabled": false
              }
            ],
            "tags": null,
            "timeouts": null,
            "vm_size": "Standard_F2",
            "zones": null
          },
          "sensitive_attributes": [],
          "private": "eyJlMmJmYjczMC1lY2FhLTExZTYtOGY4OC0zNDM2M2JjN2M0YzAiOnsiY3JlYXRlIjozNjAwMDAwMDAwMDAwLCJkZWxldGUiOjM2MDAwMDAwMDAwMDAsInJlYWQiOjMwMDAwMDAwMDAwMCwidXBkYXRlIjozNjAwMDAwMDAwMDAwfX0=",
          "dependencies": [
            "azurerm_network_interface.main",
            "azurerm_resource_group.rg",
            "azurerm_subnet.subnet1",
            "azurerm_virtual_network.vnet"
          ]
        },
        {
          "index_key": 6,
          "schema_version": 0,
          "attributes": {
            "additional_capabilities": [],
            "availability_set_id": null,
            "boot_diagnostics": [],
            "delete_data_disks_on_termination": true,
            "delete_os_disk_on_termination": true,
            "id": "/subscriptions/a3c041da-fe8c-4192-a4c8-182eb826911b/resourceGroups/az-terraform-vms/providers/Microsoft.Compute/virtualMachines/tfvm-vm-6",
            "identity": [],
            "license_type": null,
            "location": "eastus",
            "name": "tfvm-vm-6",
            "network_interface_ids": [
              "/subscriptions/a3c041da-fe8c-4192-a4c8-182eb826911b/resourceGroups/az-terraform-vms/providers/Microsoft.Network/networkInterfaces/tfvm-nic-6"
            ],
            "os_profile": [
              {
                "admin_password": "",
                "admin_username": "testadmin",
                "computer_name": "hostname",
                "custom_data": ""
              }
            ],
            "os_profile_linux_config": [],
            "os_profile_secrets": [],
            "os_profile_windows_config": [
              {
                "additional_unattend_config": [],
                "enable_automatic_upgrades": false,
                "provision_vm_agent": true,
                "timezone": "",
                "winrm": []
              }
            ],
            "plan": [],
            "primary_network_interface_id": null,
            "proximity_placement_group_id": null,
            "resource_group_name": "az-terraform-vms",
            "storage_data_disk": [],
            "storage_image_reference": [
              {
                "id": "",
                "offer": "WindowsServer",
                "publisher": "MicrosoftWindowsServer",
                "sku": "2016-Datacenter",
                "version": "latest"
              }
            ],
            "storage_os_disk": [
              {
                "caching": "ReadWrite",
                "create_option": "FromImage",
                "disk_size_gb": 127,
                "image_uri": "",
                "managed_disk_id": "/subscriptions/a3c041da-fe8c-4192-a4c8-182eb826911b/resourceGroups/az-terraform-vms/providers/Microsoft.Compute/disks/myosdisk-6",
                "managed_disk_type": "Standard_LRS",
                "name": "myosdisk-6",
                "os_type": "Windows",
                "vhd_uri": "",
                "write_accelerator_enabled": false
              }
            ],
            "tags": null,
            "timeouts": null,
            "vm_size": "Standard_F2",
            "zones": null
          },
          "sensitive_attributes": [],
          "private": "eyJlMmJmYjczMC1lY2FhLTExZTYtOGY4OC0zNDM2M2JjN2M0YzAiOnsiY3JlYXRlIjozNjAwMDAwMDAwMDAwLCJkZWxldGUiOjM2MDAwMDAwMDAwMDAsInJlYWQiOjMwMDAwMDAwMDAwMCwidXBkYXRlIjozNjAwMDAwMDAwMDAwfX0=",
          "dependencies": [
            "azurerm_network_interface.main",
            "azurerm_resource_group.rg",
            "azurerm_subnet.subnet1",
            "azurerm_virtual_network.vnet"
          ]
        },
        {
          "index_key": 7,
          "schema_version": 0,
          "attributes": {
            "additional_capabilities": [],
            "availability_set_id": null,
            "boot_diagnostics": [],
            "delete_data_disks_on_termination": true,
            "delete_os_disk_on_termination": true,
            "id": "/subscriptions/a3c041da-fe8c-4192-a4c8-182eb826911b/resourceGroups/az-terraform-vms/providers/Microsoft.Compute/virtualMachines/tfvm-vm-7",
            "identity": [],
            "license_type": null,
            "location": "eastus",
            "name": "tfvm-vm-7",
            "network_interface_ids": [
              "/subscriptions/a3c041da-fe8c-4192-a4c8-182eb826911b/resourceGroups/az-terraform-vms/providers/Microsoft.Network/networkInterfaces/tfvm-nic-7"
            ],
            "os_profile": [
              {
                "admin_password": "",
                "admin_username": "testadmin",
                "computer_name": "hostname",
                "custom_data": ""
              }
            ],
            "os_profile_linux_config": [],
            "os_profile_secrets": [],
            "os_profile_windows_config": [
              {
                "additional_unattend_config": [],
                "enable_automatic_upgrades": false,
                "provision_vm_agent": true,
                "timezone": "",
                "winrm": []
              }
            ],
            "plan": [],
            "primary_network_interface_id": null,
            "proximity_placement_group_id": null,
            "resource_group_name": "az-terraform-vms",
            "storage_data_disk": [],
            "storage_image_reference": [
              {
                "id": "",
                "offer": "WindowsServer",
                "publisher": "MicrosoftWindowsServer",
                "sku": "2016-Datacenter",
                "version": "latest"
              }
            ],
            "storage_os_disk": [
              {
                "caching": "ReadWrite",
                "create_option": "FromImage",
                "disk_size_gb": 127,
                "image_uri": "",
                "managed_disk_id": "/subscriptions/a3c041da-fe8c-4192-a4c8-182eb826911b/resourceGroups/az-terraform-vms/providers/Microsoft.Compute/disks/myosdisk-7",
                "managed_disk_type": "Standard_LRS",
                "name": "myosdisk-7",
                "os_type": "Windows",
                "vhd_uri": "",
                "write_accelerator_enabled": false
              }
            ],
            "tags": null,
            "timeouts": null,
            "vm_size": "Standard_F2",
            "zones": null
          },
          "sensitive_attributes": [],
          "private": "eyJlMmJmYjczMC1lY2FhLTExZTYtOGY4OC0zNDM2M2JjN2M0YzAiOnsiY3JlYXRlIjozNjAwMDAwMDAwMDAwLCJkZWxldGUiOjM2MDAwMDAwMDAwMDAsInJlYWQiOjMwMDAwMDAwMDAwMCwidXBkYXRlIjozNjAwMDAwMDAwMDAwfX0=",
          "dependencies": [
            "azurerm_network_interface.main",
            "azurerm_resource_group.rg",
            "azurerm_subnet.subnet1",
            "azurerm_virtual_network.vnet"
          ]
        },
        {
          "index_key": 8,
          "schema_version": 0,
          "attributes": {
            "additional_capabilities": [],
            "availability_set_id": null,
            "boot_diagnostics": [],
            "delete_data_disks_on_termination": true,
            "delete_os_disk_on_termination": true,
            "id": "/subscriptions/a3c041da-fe8c-4192-a4c8-182eb826911b/resourceGroups/az-terraform-vms/providers/Microsoft.Compute/virtualMachines/tfvm-vm-8",
            "identity": [],
            "license_type": null,
            "location": "eastus",
            "name": "tfvm-vm-8",
            "network_interface_ids": [
              "/subscriptions/a3c041da-fe8c-4192-a4c8-182eb826911b/resourceGroups/az-terraform-vms/providers/Microsoft.Network/networkInterfaces/tfvm-nic-8"
            ],
            "os_profile": [
              {
                "admin_password": "",
                "admin_username": "testadmin",
                "computer_name": "hostname",
                "custom_data": ""
              }
            ],
            "os_profile_linux_config": [],
            "os_profile_secrets": [],
            "os_profile_windows_config": [
              {
                "additional_unattend_config": [],
                "enable_automatic_upgrades": false,
                "provision_vm_agent": true,
                "timezone": "",
                "winrm": []
              }
            ],
            "plan": [],
            "primary_network_interface_id": null,
            "proximity_placement_group_id": null,
            "resource_group_name": "az-terraform-vms",
            "storage_data_disk": [],
            "storage_image_reference": [
              {
                "id": "",
                "offer": "WindowsServer",
                "publisher": "MicrosoftWindowsServer",
                "sku": "2016-Datacenter",
                "version": "latest"
              }
            ],
            "storage_os_disk": [
              {
                "caching": "ReadWrite",
                "create_option": "FromImage",
                "disk_size_gb": 127,
                "image_uri": "",
                "managed_disk_id": "/subscriptions/a3c041da-fe8c-4192-a4c8-182eb826911b/resourceGroups/az-terraform-vms/providers/Microsoft.Compute/disks/myosdisk-8",
                "managed_disk_type": "Standard_LRS",
                "name": "myosdisk-8",
                "os_type": "Windows",
                "vhd_uri": "",
                "write_accelerator_enabled": false
              }
            ],
            "tags": null,
            "timeouts": null,
            "vm_size": "Standard_F2",
            "zones": null
          },
          "sensitive_attributes": [],
          "private": "eyJlMmJmYjczMC1lY2FhLTExZTYtOGY4OC0zNDM2M2JjN2M0YzAiOnsiY3JlYXRlIjozNjAwMDAwMDAwMDAwLCJkZWxldGUiOjM2MDAwMDAwMDAwMDAsInJlYWQiOjMwMDAwMDAwMDAwMCwidXBkYXRlIjozNjAwMDAwMDAwMDAwfX0=",
          "dependencies": [
            "azurerm_network_interface.main",
            "azurerm_resource_group.rg",
            "azurerm_subnet.subnet1",
            "azurerm_virtual_network.vnet"
          ]
        },
        {
          "index_key": 9,
          "schema_version": 0,
          "attributes": {
            "additional_capabilities": [],
            "availability_set_id": null,
            "boot_diagnostics": [],
            "delete_data_disks_on_termination": true,
            "delete_os_disk_on_termination": true,
            "id": "/subscriptions/a3c041da-fe8c-4192-a4c8-182eb826911b/resourceGroups/az-terraform-vms/providers/Microsoft.Compute/virtualMachines/tfvm-vm-9",
            "identity": [],
            "license_type": null,
            "location": "eastus",
            "name": "tfvm-vm-9",
            "network_interface_ids": [
              "/subscriptions/a3c041da-fe8c-4192-a4c8-182eb826911b/resourceGroups/az-terraform-vms/providers/Microsoft.Network/networkInterfaces/tfvm-nic-9"
            ],
            "os_profile": [
              {
                "admin_password": "",
                "admin_username": "testadmin",
                "computer_name": "hostname",
                "custom_data": ""
              }
            ],
            "os_profile_linux_config": [],
            "os_profile_secrets": [],
            "os_profile_windows_config": [
              {
                "additional_unattend_config": [],
                "enable_automatic_upgrades": false,
                "provision_vm_agent": true,
                "timezone": "",
                "winrm": []
              }
            ],
            "plan": [],
            "primary_network_interface_id": null,
            "proximity_placement_group_id": null,
            "resource_group_name": "az-terraform-vms",
            "storage_data_disk": [],
            "storage_image_reference": [
              {
                "id": "",
                "offer": "WindowsServer",
                "publisher": "MicrosoftWindowsServer",
                "sku": "2016-Datacenter",
                "version": "latest"
              }
            ],
            "storage_os_disk": [
              {
                "caching": "ReadWrite",
                "create_option": "FromImage",
                "disk_size_gb": 127,
                "image_uri": "",
                "managed_disk_id": "/subscriptions/a3c041da-fe8c-4192-a4c8-182eb826911b/resourceGroups/az-terraform-vms/providers/Microsoft.Compute/disks/myosdisk-9",
                "managed_disk_type": "Standard_LRS",
                "name": "myosdisk-9",
                "os_type": "Windows",
                "vhd_uri": "",
                "write_accelerator_enabled": false
              }
            ],
            "tags": null,
            "timeouts": null,
            "vm_size": "Standard_F2",
            "zones": null
          },
          "sensitive_attributes": [],
          "private": "eyJlMmJmYjczMC1lY2FhLTExZTYtOGY4OC0zNDM2M2JjN2M0YzAiOnsiY3JlYXRlIjozNjAwMDAwMDAwMDAwLCJkZWxldGUiOjM2MDAwMDAwMDAwMDAsInJlYWQiOjMwMDAwMDAwMDAwMCwidXBkYXRlIjozNjAwMDAwMDAwMDAwfX0=",
          "dependencies": [
            "azurerm_network_interface.main",
            "azurerm_resource_group.rg",
            "azurerm_subnet.subnet1",
            "azurerm_virtual_network.vnet"
          ]
        }
      ]
    },
    {
      "mode": "managed",
      "type": "azurerm_virtual_network",
      "name": "vnet",
      "provider": "provider[\"registry.terraform.io/hashicorp/azurerm\"]",
      "instances": [
        {
          "schema_version": 0,
          "attributes": {
            "address_space": [
              "10.0.0.0/16"
            ],
            "bgp_community": "",
            "ddos_protection_plan": [],
            "dns_servers": null,
            "guid": "1618ee50-96ae-4771-a8b6-6f70e0138d05",
            "id": "/subscriptions/a3c041da-fe8c-4192-a4c8-182eb826911b/resourceGroups/az-terraform-vms/providers/Microsoft.Network/virtualNetworks/tfvnet",
            "location": "eastus",
            "name": "tfvnet",
            "resource_group_name": "az-terraform-vms",
            "subnet": [],
            "tags": null,
            "timeouts": null,
            "vm_protection_enabled": false
          },
          "sensitive_attributes": [],
          "private": "eyJlMmJmYjczMC1lY2FhLTExZTYtOGY4OC0zNDM2M2JjN2M0YzAiOnsiY3JlYXRlIjoxODAwMDAwMDAwMDAwLCJkZWxldGUiOjE4MDAwMDAwMDAwMDAsInJlYWQiOjMwMDAwMDAwMDAwMCwidXBkYXRlIjoxODAwMDAwMDAwMDAwfX0=",
          "dependencies": [
            "azurerm_resource_group.rg"
          ]
        }
      ]
    }
  ]
}
